
Microsoft Visual Studio Solution File, Format Version 12.00
# Visual Studio 15
VisualStudioVersion = 15.0.27703.2018
MinimumVisualStudioVersion = 10.0.40219.1
Project("{FAE04EC0-301F-11D3-BF4B-00C04F79EFBC}") = "DLNAPlayer", "DLNACore\DLNAPlayer.csproj", "{F8F2446C-C0CE-4A77-8171-C8AB14F4A539}"
EndProject
Global
	GlobalSection(SolutionConfigurationPlatforms) = preSolution
		Debug|x86 = Debug|x86
		Release|x86 = Release|x86
	EndGlobalSection
	GlobalSection(ProjectConfigurationPlatforms) = postSolution
		{F8F2446C-C0CE-4A77-8171-C8AB14F4A539}.Debug|x86.ActiveCfg = Debug|x86
		{F8F2446C-C0CE-4A77-8171-C8AB14F4A539}.Debug|x86.Build.0 = Debug|x86
		{F8F2446C-C0CE-4A77-8171-C8AB14F4A539}.Release|x86.ActiveCfg = Release|x86
		{F8F2446C-C0CE-4A77-8171-C8AB14F4A539}.Release|x86.Build.0 = Release|x86
	EndGlobalSection
	GlobalSection(SolutionProperties) = preSolution
		HideSolutionNode = FALSE
	EndGlobalSection
	GlobalSection(ExtensibilityGlobals) = postSolution
		SolutionGuid = {3A64EE37-D4C0-497C-B629-1882F259E529}
	EndGlobalSection
EndGlobal
